
Microsoft Visual Studio Solution File, Format Version 12.00
# Visual Studio Version 17
VisualStudioVersion = 17.0.31903.59
MinimumVisualStudioVersion = 10.0.40219.1
Project("{2150E333-8FDC-42A3-9474-1A3956D46DE8}") = "BorrowingService", "BorrowingService", "{12BEDB54-8051-7A99-1970-E4B4717538D4}"
EndProject
Project("{FAE04EC0-301F-11D3-BF4B-00C04F79EFBC}") = "BorrowingService.Api", "BorrowingService\BorrowingService.Api\BorrowingService.Api.csproj", "{EFF5DDC4-9255-4934-9328-2E81C64B2414}"
EndProject
Project("{FAE04EC0-301F-11D3-BF4B-00C04F79EFBC}") = "BorrowingService.Bll", "BorrowingService\BorrowingService.Bll\BorrowingService.Bll.csproj", "{5EB06FDD-7353-47B2-A4C5-3AF7E2032D18}"
EndProject
Project("{FAE04EC0-301F-11D3-BF4B-00C04F79EFBC}") = "BorrowingService.Dal", "BorrowingService\BorrowingService.Dal\BorrowingService.Dal.csproj", "{1F4C3B1E-ABCE-4568-B5BD-3486D02FF72B}"
EndProject
Project("{FAE04EC0-301F-11D3-BF4B-00C04F79EFBC}") = "BorrowingService.Domain", "BorrowingService\BorrowingService.Domain\BorrowingService.Domain.csproj", "{49C4641F-D7FC-4514-9CB4-F92BC44C7D19}"
EndProject
Project("{FAE04EC0-301F-11D3-BF4B-00C04F79EFBC}") = "BorrowingService.Tests", "BorrowingService\BorrowingService.Tests\BorrowingService.Tests.csproj", "{81EBD7F4-1371-4B0E-9A6E-EFC790E4C47C}"
EndProject
Project("{2150E333-8FDC-42A3-9474-1A3956D46DE8}") = "CatalogService", "CatalogService", "{3018FE93-2D93-7D0A-2D30-70915967B595}"
EndProject
Project("{FAE04EC0-301F-11D3-BF4B-00C04F79EFBC}") = "CatalogService.Api", "CatalogService\CatalogService.Api\CatalogService.Api.csproj", "{1CBFAEF6-CB68-4F18-816C-D117F485D7E8}"
EndProject
Project("{FAE04EC0-301F-11D3-BF4B-00C04F79EFBC}") = "CatalogService.Bll", "CatalogService\CatalogService.Bll\CatalogService.Bll.csproj", "{C8AA2D70-E74F-4121-814A-A8C9C1536C74}"
EndProject
Project("{FAE04EC0-301F-11D3-BF4B-00C04F79EFBC}") = "CatalogService.Dal", "CatalogService\CatalogService.Dal\CatalogService.Dal.csproj", "{B79FA8B3-4AB2-4565-8082-26233A9953FD}"
EndProject
Project("{FAE04EC0-301F-11D3-BF4B-00C04F79EFBC}") = "CatalogService.Domain", "CatalogService\CatalogService.Domain\CatalogService.Domain.csproj", "{066D0723-9B31-412D-82FD-82E8E75F50CE}"
EndProject
Global
	GlobalSection(SolutionConfigurationPlatforms) = preSolution
		Debug|Any CPU = Debug|Any CPU
		Debug|x64 = Debug|x64
		Debug|x86 = Debug|x86
		Release|Any CPU = Release|Any CPU
		Release|x64 = Release|x64
		Release|x86 = Release|x86
	EndGlobalSection
	GlobalSection(ProjectConfigurationPlatforms) = postSolution
		{EFF5DDC4-9255-4934-9328-2E81C64B2414}.Debug|Any CPU.ActiveCfg = Debug|Any CPU
		{EFF5DDC4-9255-4934-9328-2E81C64B2414}.Debug|Any CPU.Build.0 = Debug|Any CPU
		{EFF5DDC4-9255-4934-9328-2E81C64B2414}.Debug|x64.ActiveCfg = Debug|Any CPU
		{EFF5DDC4-9255-4934-9328-2E81C64B2414}.Debug|x64.Build.0 = Debug|Any CPU
		{EFF5DDC4-9255-4934-9328-2E81C64B2414}.Debug|x86.ActiveCfg = Debug|Any CPU
		{EFF5DDC4-9255-4934-9328-2E81C64B2414}.Debug|x86.Build.0 = Debug|Any CPU
		{EFF5DDC4-9255-4934-9328-2E81C64B2414}.Release|Any CPU.ActiveCfg = Release|Any CPU
		{EFF5DDC4-9255-4934-9328-2E81C64B2414}.Release|Any CPU.Build.0 = Release|Any CPU
		{EFF5DDC4-9255-4934-9328-2E81C64B2414}.Release|x64.ActiveCfg = Release|Any CPU
		{EFF5DDC4-9255-4934-9328-2E81C64B2414}.Release|x64.Build.0 = Release|Any CPU
		{EFF5DDC4-9255-4934-9328-2E81C64B2414}.Release|x86.ActiveCfg = Release|Any CPU
		{EFF5DDC4-9255-4934-9328-2E81C64B2414}.Release|x86.Build.0 = Release|Any CPU
		{5EB06FDD-7353-47B2-A4C5-3AF7E2032D18}.Debug|Any CPU.ActiveCfg = Debug|Any CPU
		{5EB06FDD-7353-47B2-A4C5-3AF7E2032D18}.Debug|Any CPU.Build.0 = Debug|Any CPU
		{5EB06FDD-7353-47B2-A4C5-3AF7E2032D18}.Debug|x64.ActiveCfg = Debug|Any CPU
		{5EB06FDD-7353-47B2-A4C5-3AF7E2032D18}.Debug|x64.Build.0 = Debug|Any CPU
		{5EB06FDD-7353-47B2-A4C5-3AF7E2032D18}.Debug|x86.ActiveCfg = Debug|Any CPU
		{5EB06FDD-7353-47B2-A4C5-3AF7E2032D18}.Debug|x86.Build.0 = Debug|Any CPU
		{5EB06FDD-7353-47B2-A4C5-3AF7E2032D18}.Release|Any CPU.ActiveCfg = Release|Any CPU
		{5EB06FDD-7353-47B2-A4C5-3AF7E2032D18}.Release|Any CPU.Build.0 = Release|Any CPU
		{5EB06FDD-7353-47B2-A4C5-3AF7E2032D18}.Release|x64.ActiveCfg = Release|Any CPU
		{5EB06FDD-7353-47B2-A4C5-3AF7E2032D18}.Release|x64.Build.0 = Release|Any CPU
		{5EB06FDD-7353-47B2-A4C5-3AF7E2032D18}.Release|x86.ActiveCfg = Release|Any CPU
		{5EB06FDD-7353-47B2-A4C5-3AF7E2032D18}.Release|x86.Build.0 = Release|Any CPU
		{1F4C3B1E-ABCE-4568-B5BD-3486D02FF72B}.Debug|Any CPU.ActiveCfg = Debug|Any CPU
		{1F4C3B1E-ABCE-4568-B5BD-3486D02FF72B}.Debug|Any CPU.Build.0 = Debug|Any CPU
		{1F4C3B1E-ABCE-4568-B5BD-3486D02FF72B}.Debug|x64.ActiveCfg = Debug|Any CPU
		{1F4C3B1E-ABCE-4568-B5BD-3486D02FF72B}.Debug|x64.Build.0 = Debug|Any CPU
		{1F4C3B1E-ABCE-4568-B5BD-3486D02FF72B}.Debug|x86.ActiveCfg = Debug|Any CPU
		{1F4C3B1E-ABCE-4568-B5BD-3486D02FF72B}.Debug|x86.Build.0 = Debug|Any CPU
		{1F4C3B1E-ABCE-4568-B5BD-3486D02FF72B}.Release|Any CPU.ActiveCfg = Release|Any CPU
		{1F4C3B1E-ABCE-4568-B5BD-3486D02FF72B}.Release|Any CPU.Build.0 = Release|Any CPU
		{1F4C3B1E-ABCE-4568-B5BD-3486D02FF72B}.Release|x64.ActiveCfg = Release|Any CPU
		{1F4C3B1E-ABCE-4568-B5BD-3486D02FF72B}.Release|x64.Build.0 = Release|Any CPU
		{1F4C3B1E-ABCE-4568-B5BD-3486D02FF72B}.Release|x86.ActiveCfg = Release|Any CPU
		{1F4C3B1E-ABCE-4568-B5BD-3486D02FF72B}.Release|x86.Build.0 = Release|Any CPU
		{49C4641F-D7FC-4514-9CB4-F92BC44C7D19}.Debug|Any CPU.ActiveCfg = Debug|Any CPU
		{49C4641F-D7FC-4514-9CB4-F92BC44C7D19}.Debug|Any CPU.Build.0 = Debug|Any CPU
		{49C4641F-D7FC-4514-9CB4-F92BC44C7D19}.Debug|x64.ActiveCfg = Debug|Any CPU
		{49C4641F-D7FC-4514-9CB4-F92BC44C7D19}.Debug|x64.Build.0 = Debug|Any CPU
		{49C4641F-D7FC-4514-9CB4-F92BC44C7D19}.Debug|x86.ActiveCfg = Debug|Any CPU
		{49C4641F-D7FC-4514-9CB4-F92BC44C7D19}.Debug|x86.Build.0 = Debug|Any CPU
		{49C4641F-D7FC-4514-9CB4-F92BC44C7D19}.Release|Any CPU.ActiveCfg = Release|Any CPU
		{49C4641F-D7FC-4514-9CB4-F92BC44C7D19}.Release|Any CPU.Build.0 = Release|Any CPU
		{49C4641F-D7FC-4514-9CB4-F92BC44C7D19}.Release|x64.ActiveCfg = Release|Any CPU
		{49C4641F-D7FC-4514-9CB4-F92BC44C7D19}.Release|x64.Build.0 = Release|Any CPU
		{49C4641F-D7FC-4514-9CB4-F92BC44C7D19}.Release|x86.ActiveCfg = Release|Any CPU
		{49C4641F-D7FC-4514-9CB4-F92BC44C7D19}.Release|x86.Build.0 = Release|Any CPU
		{81EBD7F4-1371-4B0E-9A6E-EFC790E4C47C}.Debug|Any CPU.ActiveCfg = Debug|Any CPU
		{81EBD7F4-1371-4B0E-9A6E-EFC790E4C47C}.Debug|Any CPU.Build.0 = Debug|Any CPU
		{81EBD7F4-1371-4B0E-9A6E-EFC790E4C47C}.Debug|x64.ActiveCfg = Debug|Any CPU
		{81EBD7F4-1371-4B0E-9A6E-EFC790E4C47C}.Debug|x64.Build.0 = Debug|Any CPU
		{81EBD7F4-1371-4B0E-9A6E-EFC790E4C47C}.Debug|x86.ActiveCfg = Debug|Any CPU
		{81EBD7F4-1371-4B0E-9A6E-EFC790E4C47C}.Debug|x86.Build.0 = Debug|Any CPU
		{81EBD7F4-1371-4B0E-9A6E-EFC790E4C47C}.Release|Any CPU.ActiveCfg = Release|Any CPU
		{81EBD7F4-1371-4B0E-9A6E-EFC790E4C47C}.Release|Any CPU.Build.0 = Release|Any CPU
		{81EBD7F4-1371-4B0E-9A6E-EFC790E4C47C}.Release|x64.ActiveCfg = Release|Any CPU
		{81EBD7F4-1371-4B0E-9A6E-EFC790E4C47C}.Release|x64.Build.0 = Release|Any CPU
		{81EBD7F4-1371-4B0E-9A6E-EFC790E4C47C}.Release|x86.ActiveCfg = Release|Any CPU
		{81EBD7F4-1371-4B0E-9A6E-EFC790E4C47C}.Release|x86.Build.0 = Release|Any CPU
		{1CBFAEF6-CB68-4F18-816C-D117F485D7E8}.Debug|Any CPU.ActiveCfg = Debug|Any CPU
		{1CBFAEF6-CB68-4F18-816C-D117F485D7E8}.Debug|Any CPU.Build.0 = Debug|Any CPU
		{1CBFAEF6-CB68-4F18-816C-D117F485D7E8}.Debug|x64.ActiveCfg = Debug|Any CPU
		{1CBFAEF6-CB68-4F18-816C-D117F485D7E8}.Debug|x64.Build.0 = Debug|Any CPU
		{1CBFAEF6-CB68-4F18-816C-D117F485D7E8}.Debug|x86.ActiveCfg = Debug|Any CPU
		{1CBFAEF6-CB68-4F18-816C-D117F485D7E8}.Debug|x86.Build.0 = Debug|Any CPU
		{1CBFAEF6-CB68-4F18-816C-D117F485D7E8}.Release|Any CPU.ActiveCfg = Release|Any CPU
		{1CBFAEF6-CB68-4F18-816C-D117F485D7E8}.Release|Any CPU.Build.0 = Release|Any CPU
		{1CBFAEF6-CB68-4F18-816C-D117F485D7E8}.Release|x64.ActiveCfg = Release|Any CPU
		{1CBFAEF6-CB68-4F18-816C-D117F485D7E8}.Release|x64.Build.0 = Release|Any CPU
		{1CBFAEF6-CB68-4F18-816C-D117F485D7E8}.Release|x86.ActiveCfg = Release|Any CPU
		{1CBFAEF6-CB68-4F18-816C-D117F485D7E8}.Release|x86.Build.0 = Release|Any CPU
		{C8AA2D70-E74F-4121-814A-A8C9C1536C74}.Debug|Any CPU.ActiveCfg = Debug|Any CPU
		{C8AA2D70-E74F-4121-814A-A8C9C1536C74}.Debug|Any CPU.Build.0 = Debug|Any CPU
		{C8AA2D70-E74F-4121-814A-A8C9C1536C74}.Debug|x64.ActiveCfg = Debug|Any CPU
		{C8AA2D70-E74F-4121-814A-A8C9C1536C74}.Debug|x64.Build.0 = Debug|Any CPU
		{C8AA2D70-E74F-4121-814A-A8C9C1536C74}.Debug|x86.ActiveCfg = Debug|Any CPU
		{C8AA2D70-E74F-4121-814A-A8C9C1536C74}.Debug|x86.Build.0 = Debug|Any CPU
		{C8AA2D70-E74F-4121-814A-A8C9C1536C74}.Release|Any CPU.ActiveCfg = Release|Any CPU
		{C8AA2D70-E74F-4121-814A-A8C9C1536C74}.Release|Any CPU.Build.0 = Release|Any CPU
		{C8AA2D70-E74F-4121-814A-A8C9C1536C74}.Release|x64.ActiveCfg = Release|Any CPU
		{C8AA2D70-E74F-4121-814A-A8C9C1536C74}.Release|x64.Build.0 = Release|Any CPU
		{C8AA2D70-E74F-4121-814A-A8C9C1536C74}.Release|x86.ActiveCfg = Release|Any CPU
		{C8AA2D70-E74F-4121-814A-A8C9C1536C74}.Release|x86.Build.0 = Release|Any CPU
		{B79FA8B3-4AB2-4565-8082-26233A9953FD}.Debug|Any CPU.ActiveCfg = Debug|Any CPU
		{B79FA8B3-4AB2-4565-8082-26233A9953FD}.Debug|Any CPU.Build.0 = Debug|Any CPU
		{B79FA8B3-4AB2-4565-8082-26233A9953FD}.Debug|x64.ActiveCfg = Debug|Any CPU
		{B79FA8B3-4AB2-4565-8082-26233A9953FD}.Debug|x64.Build.0 = Debug|Any CPU
		{B79FA8B3-4AB2-4565-8082-26233A9953FD}.Debug|x86.ActiveCfg = Debug|Any CPU
		{B79FA8B3-4AB2-4565-8082-26233A9953FD}.Debug|x86.Build.0 = Debug|Any CPU
		{B79FA8B3-4AB2-4565-8082-26233A9953FD}.Release|Any CPU.ActiveCfg = Release|Any CPU
		{B79FA8B3-4AB2-4565-8082-26233A9953FD}.Release|Any CPU.Build.0 = Release|Any CPU
		{B79FA8B3-4AB2-4565-8082-26233A9953FD}.Release|x64.ActiveCfg = Release|Any CPU
		{B79FA8B3-4AB2-4565-8082-26233A9953FD}.Release|x64.Build.0 = Release|Any CPU
		{B79FA8B3-4AB2-4565-8082-26233A9953FD}.Release|x86.ActiveCfg = Release|Any CPU
		{B79FA8B3-4AB2-4565-8082-26233A9953FD}.Release|x86.Build.0 = Release|Any CPU
		{066D0723-9B31-412D-82FD-82E8E75F50CE}.Debug|Any CPU.ActiveCfg = Debug|Any CPU
		{066D0723-9B31-412D-82FD-82E8E75F50CE}.Debug|Any CPU.Build.0 = Debug|Any CPU
		{066D0723-9B31-412D-82FD-82E8E75F50CE}.Debug|x64.ActiveCfg = Debug|Any CPU
		{066D0723-9B31-412D-82FD-82E8E75F50CE}.Debug|x64.Build.0 = Debug|Any CPU
		{066D0723-9B31-412D-82FD-82E8E75F50CE}.Debug|x86.ActiveCfg = Debug|Any CPU
		{066D0723-9B31-412D-82FD-82E8E75F50CE}.Debug|x86.Build.0 = Debug|Any CPU
		{066D0723-9B31-412D-82FD-82E8E75F50CE}.Release|Any CPU.ActiveCfg = Release|Any CPU
		{066D0723-9B31-412D-82FD-82E8E75F50CE}.Release|Any CPU.Build.0 = Release|Any CPU
		{066D0723-9B31-412D-82FD-82E8E75F50CE}.Release|x64.ActiveCfg = Release|Any CPU
		{066D0723-9B31-412D-82FD-82E8E75F50CE}.Release|x64.Build.0 = Release|Any CPU
		{066D0723-9B31-412D-82FD-82E8E75F50CE}.Release|x86.ActiveCfg = Release|Any CPU
		{066D0723-9B31-412D-82FD-82E8E75F50CE}.Release|x86.Build.0 = Release|Any CPU
	EndGlobalSection
	GlobalSection(SolutionProperties) = preSolution
		HideSolutionNode = FALSE
	EndGlobalSection
	GlobalSection(NestedProjects) = preSolution
		{EFF5DDC4-9255-4934-9328-2E81C64B2414} = {12BEDB54-8051-7A99-1970-E4B4717538D4}
		{5EB06FDD-7353-47B2-A4C5-3AF7E2032D18} = {12BEDB54-8051-7A99-1970-E4B4717538D4}
		{1F4C3B1E-ABCE-4568-B5BD-3486D02FF72B} = {12BEDB54-8051-7A99-1970-E4B4717538D4}
		{49C4641F-D7FC-4514-9CB4-F92BC44C7D19} = {12BEDB54-8051-7A99-1970-E4B4717538D4}
		{81EBD7F4-1371-4B0E-9A6E-EFC790E4C47C} = {12BEDB54-8051-7A99-1970-E4B4717538D4}
		{1CBFAEF6-CB68-4F18-816C-D117F485D7E8} = {3018FE93-2D93-7D0A-2D30-70915967B595}
		{C8AA2D70-E74F-4121-814A-A8C9C1536C74} = {3018FE93-2D93-7D0A-2D30-70915967B595}
		{B79FA8B3-4AB2-4565-8082-26233A9953FD} = {3018FE93-2D93-7D0A-2D30-70915967B595}
		{066D0723-9B31-412D-82FD-82E8E75F50CE} = {3018FE93-2D93-7D0A-2D30-70915967B595}
	EndGlobalSection
EndGlobal
